
Microsoft Visual Studio Solution File, Format Version 12.00
# Visual Studio Version 16
VisualStudioVersion = 16.0.30717.126
MinimumVisualStudioVersion = 10.0.40219.1
Project("{9A19103F-16F7-4668-BE54-9A1E7A4F7556}") = "ParametricaTools", "ParametricaTools.csproj", "{CF3561AA-127D-473B-8A55-6B0392D9A8FD}"
EndProject
Global
	GlobalSection(SolutionConfigurationPlatforms) = preSolution
		Debug|Any CPU = Debug|Any CPU
		Release|Any CPU = Release|Any CPU
	EndGlobalSection
	GlobalSection(ProjectConfigurationPlatforms) = postSolution
		{CF3561AA-127D-473B-8A55-6B0392D9A8FD}.Debug|Any CPU.ActiveCfg = Debug|Any CPU
		{CF3561AA-127D-473B-8A55-6B0392D9A8FD}.Debug|Any CPU.Build.0 = Debug|Any CPU
		{CF3561AA-127D-473B-8A55-6B0392D9A8FD}.Release|Any CPU.ActiveCfg = Release|Any CPU
		{CF3561AA-127D-473B-8A55-6B0392D9A8FD}.Release|Any CPU.Build.0 = Release|Any CPU
	EndGlobalSection
	GlobalSection(SolutionProperties) = preSolution
		HideSolutionNode = FALSE
	EndGlobalSection
	GlobalSection(ExtensibilityGlobals) = postSolution
		SolutionGuid = {48FFAD9B-4BF1-47F7-AE00-741F7C48E87B}
	EndGlobalSection
EndGlobal
